// !$*UTF8*$!
{
	archiveVersion = 1;
	classes = {
	};
	objectVersion = 46;
	objects = {

/* Begin PBXBuildFile section */
		15655DD41F45A95F000DBE8F /* Localizable.strings in Resources */ = {isa = PBXBuildFile; fileRef = 15655DD31F45A95F000DBE8F /* Localizable.strings */; };
		1584FD101F457A7E00F3F74D /* AppDelegate.m in Sources */ = {isa = PBXBuildFile; fileRef = 1584FD041F457A7E00F3F74D /* AppDelegate.m */; };
		1584FD111F457A7E00F3F74D /* HomeVC.m in Sources */ = {isa = PBXBuildFile; fileRef = 1584FD071F457A7E00F3F74D /* HomeVC.m */; };
		1584FD121F457A7E00F3F74D /* Assets.xcassets in Resources */ = {isa = PBXBuildFile; fileRef = 1584FD0A1F457A7E00F3F74D /* Assets.xcassets */; };
		1584FD131F457A7E00F3F74D /* LaunchScreen.storyboard in Resources */ = {isa = PBXBuildFile; fileRef = 1584FD0C1F457A7E00F3F74D /* LaunchScreen.storyboard */; };
		1584FD141F457A7E00F3F74D /* Main.storyboard in Resources */ = {isa = PBXBuildFile; fileRef = 1584FD0D1F457A7E00F3F74D /* Main.storyboard */; };
		1584FD151F457A7E00F3F74D /* main.m in Sources */ = {isa = PBXBuildFile; fileRef = 1584FD0F1F457A7E00F3F74D /* main.m */; };
/* End PBXBuildFile section */

/* Begin PBXFileReference section */
		15655DD31F45A95F000DBE8F /* Localizable.strings */ = {isa = PBXFileReference; fileEncoding = 4; lastKnownFileType = text.plist.strings; path = Localizable.strings; sourceTree = "<group>"; };
		1584FCE71F4579B900F3F74D /* FullWebApp.app */ = {isa = PBXFileReference; explicitFileType = wrapper.application; includeInIndex = 0; path = FullWebApp.app; sourceTree = BUILT_PRODUCTS_DIR; };
		1584FCFB1F4579B900F3F74D /* Info.plist */ = {isa = PBXFileReference; lastKnownFileType = text.plist.xml; path = Info.plist; sourceTree = "<group>"; };
		1584FD031F457A7E00F3F74D /* AppDelegate.h */ = {isa = PBXFileReference; fileEncoding = 4; lastKnownFileType = sourcecode.c.h; path = AppDelegate.h; sourceTree = "<group>"; };
		1584FD041F457A7E00F3F74D /* AppDelegate.m */ = {isa = PBXFileReference; fileEncoding = 4; lastKnownFileType = sourcecode.c.objc; path = AppDelegate.m; sourceTree = "<group>"; };
		1584FD061F457A7E00F3F74D /* HomeVC.h */ = {isa = PBXFileReference; fileEncoding = 4; lastKnownFileType = sourcecode.c.h; path = HomeVC.h; sourceTree = "<group>"; };
		1584FD071F457A7E00F3F74D /* HomeVC.m */ = {isa = PBXFileReference; fileEncoding = 4; lastKnownFileType = sourcecode.c.objc; path = HomeVC.m; sourceTree = "<group>"; };
		1584FD0A1F457A7E00F3F74D /* Assets.xcassets */ = {isa = PBXFileReference; lastKnownFileType = folder.assetcatalog; path = Assets.xcassets; sourceTree = "<group>"; };
		1584FD0C1F457A7E00F3F74D /* LaunchScreen.storyboard */ = {isa = PBXFileReference; fileEncoding = 4; lastKnownFileType = file.storyboard; path = LaunchScreen.storyboard; sourceTree = "<group>"; };
		1584FD0D1F457A7E00F3F74D /* Main.storyboard */ = {isa = PBXFileReference; fileEncoding = 4; lastKnownFileType = file.storyboard; path = Main.storyboard; sourceTree = "<group>"; };
		1584FD0F1F457A7E00F3F74D /* main.m */ = {isa = PBXFileReference; fileEncoding = 4; lastKnownFileType = sourcecode.c.objc; path = main.m; sourceTree = "<group>"; };
		1584FD181F457C2300F3F74D /* Define.h */ = {isa = PBXFileReference; fileEncoding = 4; lastKnownFileType = sourcecode.c.h; path = Define.h; sourceTree = "<group>"; };
/* End PBXFileReference section */

/* Begin PBXFrameworksBuildPhase section */
		1584FCE41F4579B900F3F74D /* Frameworks */ = {
			isa = PBXFrameworksBuildPhase;
			buildActionMask = 2147483647;
			files = (
			);
			runOnlyForDeploymentPostprocessing = 0;
		};
/* End PBXFrameworksBuildPhase section */

/* Begin PBXGroup section */
		1584FCDE1F4579B900F3F74D = {
			isa = PBXGroup;
			children = (
				1584FCE91F4579B900F3F74D /* FullWebApp */,
				1584FCE81F4579B900F3F74D /* Products */,
			);
			sourceTree = "<group>";
		};
		1584FCE81F4579B900F3F74D /* Products */ = {
			isa = PBXGroup;
			children = (
				1584FCE71F4579B900F3F74D /* FullWebApp.app */,
			);
			name = Products;
			sourceTree = "<group>";
		};
		1584FCE91F4579B900F3F74D /* FullWebApp */ = {
			isa = PBXGroup;
			children = (
				1584FD011F457A7E00F3F74D /* Classes */,
				1584FD081F457A7E00F3F74D /* Resources */,
				1584FCFB1F4579B900F3F74D /* Info.plist */,
			);
			path = FullWebApp;
			sourceTree = "<group>";
		};
		1584FD011F457A7E00F3F74D /* Classes */ = {
			isa = PBXGroup;
			children = (
				1584FD161F457B8900F3F74D /* Utils */,
				1584FD021F457A7E00F3F74D /* AppDelegates */,
				1584FD051F457A7E00F3F74D /* ViewControllers */,
			);
			path = Classes;
			sourceTree = "<group>";
		};
		1584FD021F457A7E00F3F74D /* AppDelegates */ = {
			isa = PBXGroup;
			children = (
				1584FD031F457A7E00F3F74D /* AppDelegate.h */,
				1584FD041F457A7E00F3F74D /* AppDelegate.m */,
			);
			path = AppDelegates;
			sourceTree = "<group>";
		};
		1584FD051F457A7E00F3F74D /* ViewControllers */ = {
			isa = PBXGroup;
			children = (
				1584FD061F457A7E00F3F74D /* HomeVC.h */,
				1584FD071F457A7E00F3F74D /* HomeVC.m */,
			);
			path = ViewControllers;
			sourceTree = "<group>";
		};
		1584FD081F457A7E00F3F74D /* Resources */ = {
			isa = PBXGroup;
			children = (
				1584FD091F457A7E00F3F74D /* Others */,
				1584FD0B1F457A7E00F3F74D /* StoryBoards */,
				1584FD0E1F457A7E00F3F74D /* Supporting Files */,
			);
			path = Resources;
			sourceTree = "<group>";
		};
		1584FD091F457A7E00F3F74D /* Others */ = {
			isa = PBXGroup;
			children = (
				1584FD0A1F457A7E00F3F74D /* Assets.xcassets */,
			);
			path = Others;
			sourceTree = "<group>";
		};
		1584FD0B1F457A7E00F3F74D /* StoryBoards */ = {
			isa = PBXGroup;
			children = (
				1584FD0C1F457A7E00F3F74D /* LaunchScreen.storyboard */,
				1584FD0D1F457A7E00F3F74D /* Main.storyboard */,
			);
			path = StoryBoards;
			sourceTree = "<group>";
		};
		1584FD0E1F457A7E00F3F74D /* Supporting Files */ = {
			isa = PBXGroup;
			children = (
				1584FD0F1F457A7E00F3F74D /* main.m */,
				15655DD31F45A95F000DBE8F /* Localizable.strings */,
			);
			path = "Supporting Files";
			sourceTree = "<group>";
		};
		1584FD161F457B8900F3F74D /* Utils */ = {
			isa = PBXGroup;
			children = (
				1584FD181F457C2300F3F74D /* Define.h */,
			);
			path = Utils;
			sourceTree = "<group>";
		};
/* End PBXGroup section */

/* Begin PBXNativeTarget section */
		1584FCE61F4579B900F3F74D /* FullWebApp */ = {
			isa = PBXNativeTarget;
			buildConfigurationList = 1584FCFE1F4579B900F3F74D /* Build configuration list for PBXNativeTarget "FullWebApp" */;
			buildPhases = (
				1584FCE31F4579B900F3F74D /* Sources */,
				1584FCE41F4579B900F3F74D /* Frameworks */,
				1584FCE51F4579B900F3F74D /* Resources */,
			);
			buildRules = (
			);
			dependencies = (
			);
			name = FullWebApp;
			productName = FullWebApp;
			productReference = 1584FCE71F4579B900F3F74D /* FullWebApp.app */;
			productType = "com.apple.product-type.application";
		};
/* End PBXNativeTarget section */

/* Begin PBXProject section */
		1584FCDF1F4579B900F3F74D /* Project object */ = {
			isa = PBXProject;
			attributes = {
				LastUpgradeCheck = 0830;
				ORGANIZATIONNAME = "Mohini Sindhu ";
				TargetAttributes = {
					1584FCE61F4579B900F3F74D = {
						CreatedOnToolsVersion = 8.3.3;
						DevelopmentTeam = 45C6ZJ7FZY;
						ProvisioningStyle = Automatic;
					};
				};
			};
			buildConfigurationList = 1584FCE21F4579B900F3F74D /* Build configuration list for PBXProject "FullWebApp" */;
			compatibilityVersion = "Xcode 3.2";
			developmentRegion = English;
			hasScannedForEncodings = 0;
			knownRegions = (
				en,
				Base,
			);
			mainGroup = 1584FCDE1F4579B900F3F74D;
			productRefGroup = 1584FCE81F4579B900F3F74D /* Products */;
			projectDirPath = "";
			projectRoot = "";
			targets = (
				1584FCE61F4579B900F3F74D /* FullWebApp */,
			);
		};
/* End PBXProject section */

/* Begin PBXResourcesBuildPhase section */
		1584FCE51F4579B900F3F74D /* Resources */ = {
			isa = PBXResourcesBuildPhase;
			buildActionMask = 2147483647;
			files = (
				15655DD41F45A95F000DBE8F /* Localizable.strings in Resources */,
				1584FD141F457A7E00F3F74D /* Main.storyboard in Resources */,
				1584FD121F457A7E00F3F74D /* Assets.xcassets in Resources */,
				1584FD131F457A7E00F3F74D /* LaunchScreen.storyboard in Resources */,
			);
			runOnlyForDeploymentPostprocessing = 0;
		};
/* End PBXResourcesBuildPhase section */

/* Begin PBXSourcesBuildPhase section */
		1584FCE31F4579B900F3F74D /* Sources */ = {
			isa = PBXSourcesBuildPhase;
			buildActionMask = 2147483647;
			files = (
				1584FD111F457A7E00F3F74D /* HomeVC.m in Sources */,
				1584FD151F457A7E00F3F74D /* main.m in Sources */,
				1584FD101F457A7E00F3F74D /* AppDelegate.m in Sources */,
			);
			runOnlyForDeploymentPostprocessing = 0;
		};
/* End PBXSourcesBuildPhase section */

/* Begin XCBuildConfiguration section */
		1584FCFC1F4579B900F3F74D /* Debug */ = {
			isa = XCBuildConfiguration;
			buildSettings = {
				ALWAYS_SEARCH_USER_PATHS = NO;
				CLANG_ANALYZER_NONNULL = YES;
				CLANG_ANALYZER_NUMBER_OBJECT_CONVERSION = YES_AGGRESSIVE;
				CLANG_CXX_LANGUAGE_STANDARD = "gnu++0x";
				CLANG_CXX_LIBRARY = "libc++";
				CLANG_ENABLE_MODULES = YES;
				CLANG_ENABLE_OBJC_ARC = YES;
				CLANG_WARN_BOOL_CONVERSION = YES;
				CLANG_WARN_CONSTANT_CONVERSION = YES;
				CLANG_WARN_DIRECT_OBJC_ISA_USAGE = YES_ERROR;
				CLANG_WARN_DOCUMENTATION_COMMENTS = YES;
				CLANG_WARN_EMPTY_BODY = YES;
				CLANG_WARN_ENUM_CONVERSION = YES;
				CLANG_WARN_INFINITE_RECURSION = YES;
				CLANG_WARN_INT_CONVERSION = YES;
				CLANG_WARN_OBJC_ROOT_CLASS = YES_ERROR;
				CLANG_WARN_SUSPICIOUS_MOVE = YES;
				CLANG_WARN_UNREACHABLE_CODE = YES;
				CLANG_WARN__DUPLICATE_METHOD_MATCH = YES;
				"CODE_SIGN_IDENTITY[sdk=iphoneos*]" = "iPhone Developer";
				COPY_PHASE_STRIP = NO;
				DEBUG_INFORMATION_FORMAT = dwarf;
				ENABLE_STRICT_OBJC_MSGSEND = YES;
				ENABLE_TESTABILITY = YES;
				GCC_C_LANGUAGE_STANDARD = gnu99;
				GCC_DYNAMIC_NO_PIC = NO;
				GCC_NO_COMMON_BLOCKS = YES;
				GCC_OPTIMIZATION_LEVEL = 0;
				GCC_PREPROCESSOR_DEFINITIONS = (
					"DEBUG=1",
					"$(inherited)",
				);
				GCC_WARN_64_TO_32_BIT_CONVERSION = YES;
				GCC_WARN_ABOUT_RETURN_TYPE = YES_ERROR;
				GCC_WARN_UNDECLARED_SELECTOR = YES;
				GCC_WARN_UNINITIALIZED_AUTOS = YES_AGGRESSIVE;
				GCC_WARN_UNUSED_FUNCTION = YES;
				GCC_WARN_UNUSED_VARIABLE = YES;
				IPHONEOS_DEPLOYMENT_TARGET = 10.3;
				MTL_ENABLE_DEBUG_INFO = YES;
				ONLY_ACTIVE_ARCH = YES;
				SDKROOT = iphoneos;
			};
			name = Debug;
		};
		1584FCFD1F4579B900F3F74D /* Release */ = {
			isa = XCBuildConfiguration;
			buildSettings = {
				ALWAYS_SEARCH_USER_PATHS = NO;
				CLANG_ANALYZER_NONNULL = YES;
				CLANG_ANALYZER_NUMBER_OBJECT_CONVERSION = YES_AGGRESSIVE;
				CLANG_CXX_LANGUAGE_STANDARD = "gnu++0x";
				CLANG_CXX_LIBRARY = "libc++";
				CLANG_ENABLE_MODULES = YES;
				CLANG_ENABLE_OBJC_ARC = YES;
				CLANG_WARN_BOOL_CONVERSION = YES;
				CLANG_WARN_CONSTANT_CONVERSION = YES;
				CLANG_WARN_DIRECT_OBJC_ISA_USAGE = YES_ERROR;
				CLANG_WARN_DOCUMENTATION_COMMENTS = YES;
				CLANG_WARN_EMPTY_BODY = YES;
				CLANG_WARN_ENUM_CONVERSION = YES;
				CLANG_WARN_INFINITE_RECURSION = YES;
				CLANG_WARN_INT_CONVERSION = YES;
				CLANG_WARN_OBJC_ROOT_CLASS = YES_ERROR;
				CLANG_WARN_SUSPICIOUS_MOVE = YES;
				CLANG_WARN_UNREACHABLE_CODE = YES;
				CLANG_WARN__DUPLICATE_METHOD_MATCH = YES;
				"CODE_SIGN_IDENTITY[sdk=iphoneos*]" = "iPhone Developer";
				COPY_PHASE_STRIP = NO;
				DEBUG_INFORMATION_FORMAT = "dwarf-with-dsym";
				ENABLE_NS_ASSERTIONS = NO;
				ENABLE_STRICT_OBJC_MSGSEND = YES;
				GCC_C_LANGUAGE_STANDARD = gnu99;
				GCC_NO_COMMON_BLOCKS = YES;
				GCC_WARN_64_TO_32_BIT_CONVERSION = YES;
				GCC_WARN_ABOUT_RETURN_TYPE = YES_ERROR;
				GCC_WARN_UNDECLARED_SELECTOR = YES;
				GCC_WARN_UNINITIALIZED_AUTOS = YES_AGGRESSIVE;
				GCC_WARN_UNUSED_FUNCTION = YES;
				GCC_WARN_UNUSED_VARIABLE = YES;
				IPHONEOS_DEPLOYMENT_TARGET = 10.3;
				MTL_ENABLE_DEBUG_INFO = NO;
				SDKROOT = iphoneos;
				VALIDATE_PRODUCT = YES;
			};
			name = Release;
		};
		1584FCFF1F4579B900F3F74D /* Debug */ = {
			isa = XCBuildConfiguration;
			buildSettings = {
				ASSETCATALOG_COMPILER_APPICON_NAME = AppIcon;
				DEVELOPMENT_TEAM = 45C6ZJ7FZY;
				INFOPLIST_FILE = FullWebApp/Info.plist;
				IPHONEOS_DEPLOYMENT_TARGET = 10.1;
				LD_RUNPATH_SEARCH_PATHS = "$(inherited) @executable_path/Frameworks";
				PRODUCT_BUNDLE_IDENTIFIER = mohini.FullWebApp;
				PRODUCT_NAME = "$(TARGET_NAME)";
				SDKROOT = iphoneos10.3;
			};
			name = Debug;
		};
		1584FD001F4579B900F3F74D /* Release */ = {
			isa = XCBuildConfiguration;
			buildSettings = {
				ASSETCATALOG_COMPILER_APPICON_NAME = AppIcon;
				DEVELOPMENT_TEAM = 45C6ZJ7FZY;
				INFOPLIST_FILE = FullWebApp/Info.plist;
				IPHONEOS_DEPLOYMENT_TARGET = 10.1;
				LD_RUNPATH_SEARCH_PATHS = "$(inherited) @executable_path/Frameworks";
				PRODUCT_BUNDLE_IDENTIFIER = mohini.FullWebApp;
				PRODUCT_NAME = "$(TARGET_NAME)";
				SDKROOT = iphoneos10.3;
			};
			name = Release;
		};
/* End XCBuildConfiguration section */

/* Begin XCConfigurationList section */
		1584FCE21F4579B900F3F74D /* Build configuration list for PBXProject "FullWebApp" */ = {
			isa = XCConfigurationList;
			buildConfigurations = (
				1584FCFC1F4579B900F3F74D /* Debug */,
				1584FCFD1F4579B900F3F74D /* Release */,
			);
			defaultConfigurationIsVisible = 0;
			defaultConfigurationName = Release;
		};
		1584FCFE1F4579B900F3F74D /* Build configuration list for PBXNativeTarget "FullWebApp" */ = {
			isa = XCConfigurationList;
			buildConfigurations = (
				1584FCFF1F4579B900F3F74D /* Debug */,
				1584FD001F4579B900F3F74D /* Release */,
			);
			defaultConfigurationIsVisible = 0;
			defaultConfigurationName = Release;
		};
/* End XCConfigurationList section */
	};
	rootObject = 1584FCDF1F4579B900F3F74D /* Project object */;
}
